
Microsoft Visual Studio Solution File, Format Version 12.00
# Visual Studio Version 17
VisualStudioVersion = 17.6.33723.286
MinimumVisualStudioVersion = 10.0.40219.1
Project("{FAE04EC0-301F-11D3-BF4B-00C04F79EFBC}") = "InfotrackTakeHome", "InfotrackTakeHome\InfotrackTakeHome.csproj", "{4B3268CE-1239-43E6-8018-0F22C028F84E}"
EndProject
Project("{9A19103F-16F7-4668-BE54-9A1E7A4F7556}") = "TakeHomeAssignmentDomain", "TakeHomeAssignmentDomain\TakeHomeAssignmentDomain.csproj", "{D8AF8A53-9BF8-4E12-B756-85D0EC38A909}"
EndProject
Project("{9A19103F-16F7-4668-BE54-9A1E7A4F7556}") = "TakeHomeAssignmentServices", "TakeHomeAssignmentServices\TakeHomeAssignmentServices.csproj", "{8028B9AB-2B2C-495E-9039-096DF503972B}"
EndProject
Project("{FAE04EC0-301F-11D3-BF4B-00C04F79EFBC}") = "TakeHomeAssignmentServiceTests", "TakeHomeAssignmentServiceTests\TakeHomeAssignmentServiceTests.csproj", "{D90A105F-F09F-4F58-B67F-96729AFAB9B2}"
EndProject
Global
	GlobalSection(SolutionConfigurationPlatforms) = preSolution
		Debug|Any CPU = Debug|Any CPU
		Release|Any CPU = Release|Any CPU
	EndGlobalSection
	GlobalSection(ProjectConfigurationPlatforms) = postSolution
		{4B3268CE-1239-43E6-8018-0F22C028F84E}.Debug|Any CPU.ActiveCfg = Debug|Any CPU
		{4B3268CE-1239-43E6-8018-0F22C028F84E}.Debug|Any CPU.Build.0 = Debug|Any CPU
		{4B3268CE-1239-43E6-8018-0F22C028F84E}.Release|Any CPU.ActiveCfg = Release|Any CPU
		{4B3268CE-1239-43E6-8018-0F22C028F84E}.Release|Any CPU.Build.0 = Release|Any CPU
		{D8AF8A53-9BF8-4E12-B756-85D0EC38A909}.Debug|Any CPU.ActiveCfg = Debug|Any CPU
		{D8AF8A53-9BF8-4E12-B756-85D0EC38A909}.Debug|Any CPU.Build.0 = Debug|Any CPU
		{D8AF8A53-9BF8-4E12-B756-85D0EC38A909}.Release|Any CPU.ActiveCfg = Release|Any CPU
		{D8AF8A53-9BF8-4E12-B756-85D0EC38A909}.Release|Any CPU.Build.0 = Release|Any CPU
		{8028B9AB-2B2C-495E-9039-096DF503972B}.Debug|Any CPU.ActiveCfg = Debug|Any CPU
		{8028B9AB-2B2C-495E-9039-096DF503972B}.Debug|Any CPU.Build.0 = Debug|Any CPU
		{8028B9AB-2B2C-495E-9039-096DF503972B}.Release|Any CPU.ActiveCfg = Release|Any CPU
		{8028B9AB-2B2C-495E-9039-096DF503972B}.Release|Any CPU.Build.0 = Release|Any CPU
		{D90A105F-F09F-4F58-B67F-96729AFAB9B2}.Debug|Any CPU.ActiveCfg = Debug|Any CPU
		{D90A105F-F09F-4F58-B67F-96729AFAB9B2}.Debug|Any CPU.Build.0 = Debug|Any CPU
		{D90A105F-F09F-4F58-B67F-96729AFAB9B2}.Release|Any CPU.ActiveCfg = Release|Any CPU
		{D90A105F-F09F-4F58-B67F-96729AFAB9B2}.Release|Any CPU.Build.0 = Release|Any CPU
	EndGlobalSection
	GlobalSection(SolutionProperties) = preSolution
		HideSolutionNode = FALSE
	EndGlobalSection
	GlobalSection(ExtensibilityGlobals) = postSolution
		SolutionGuid = {40F2B0F1-D522-45B6-9914-A3A64BA6D062}
	EndGlobalSection
EndGlobal
